
Microsoft Visual Studio Solution File, Format Version 12.00
# Visual Studio Version 17
VisualStudioVersion = 17.9.34728.123
MinimumVisualStudioVersion = 10.0.40219.1
Project("{FAE04EC0-301F-11D3-BF4B-00C04F79EFBC}") = "SalesWebMvc", "SalesWebMvc\SalesWebMvc.csproj", "{50897F05-3E5A-4123-9BC9-744EF9BEF4AB}"
EndProject
Global
	GlobalSection(SolutionConfigurationPlatforms) = preSolution
		Debug|Any CPU = Debug|Any CPU
		Release|Any CPU = Release|Any CPU
	EndGlobalSection
	GlobalSection(ProjectConfigurationPlatforms) = postSolution
		{50897F05-3E5A-4123-9BC9-744EF9BEF4AB}.Debug|Any CPU.ActiveCfg = Debug|Any CPU
		{50897F05-3E5A-4123-9BC9-744EF9BEF4AB}.Debug|Any CPU.Build.0 = Debug|Any CPU
		{50897F05-3E5A-4123-9BC9-744EF9BEF4AB}.Release|Any CPU.ActiveCfg = Release|Any CPU
		{50897F05-3E5A-4123-9BC9-744EF9BEF4AB}.Release|Any CPU.Build.0 = Release|Any CPU
	EndGlobalSection
	GlobalSection(SolutionProperties) = preSolution
		HideSolutionNode = FALSE
	EndGlobalSection
	GlobalSection(ExtensibilityGlobals) = postSolution
		SolutionGuid = {D4D4A5CD-BEC9-4748-942C-0D6A6401EA25}
	EndGlobalSection
EndGlobal
